
Microsoft Visual Studio Solution File, Format Version 12.00
# Visual Studio Version 16
VisualStudioVersion = 16.0.29709.97
MinimumVisualStudioVersion = 10.0.40219.1
Project("{FAE04EC0-301F-11D3-BF4B-00C04F79EFBC}") = "Explorer.Api", "Explorer.Api.csproj", "{E8B8A1B3-EB7B-4FF3-ADA5-6CDE701162CB}"
EndProject
Project("{9A19103F-16F7-4668-BE54-9A1E7A4F7556}") = "Explorer.Domain", "..\Explorer.Domain\Explorer.Domain.csproj", "{B507AE1A-6BC7-4E85-B92F-C17FB226F753}"
EndProject
Project("{9A19103F-16F7-4668-BE54-9A1E7A4F7556}") = "Explorer.Repository", "..\Explorer.Repository\Explorer.Repository.csproj", "{C8A4C205-8113-4BB9-8DE2-BBCBEC89D172}"
EndProject
Global
	GlobalSection(SolutionConfigurationPlatforms) = preSolution
		Debug|Any CPU = Debug|Any CPU
		Release|Any CPU = Release|Any CPU
	EndGlobalSection
	GlobalSection(ProjectConfigurationPlatforms) = postSolution
		{E8B8A1B3-EB7B-4FF3-ADA5-6CDE701162CB}.Debug|Any CPU.ActiveCfg = Debug|Any CPU
		{E8B8A1B3-EB7B-4FF3-ADA5-6CDE701162CB}.Debug|Any CPU.Build.0 = Debug|Any CPU
		{E8B8A1B3-EB7B-4FF3-ADA5-6CDE701162CB}.Release|Any CPU.ActiveCfg = Release|Any CPU
		{E8B8A1B3-EB7B-4FF3-ADA5-6CDE701162CB}.Release|Any CPU.Build.0 = Release|Any CPU
		{B507AE1A-6BC7-4E85-B92F-C17FB226F753}.Debug|Any CPU.ActiveCfg = Debug|Any CPU
		{B507AE1A-6BC7-4E85-B92F-C17FB226F753}.Debug|Any CPU.Build.0 = Debug|Any CPU
		{B507AE1A-6BC7-4E85-B92F-C17FB226F753}.Release|Any CPU.ActiveCfg = Release|Any CPU
		{B507AE1A-6BC7-4E85-B92F-C17FB226F753}.Release|Any CPU.Build.0 = Release|Any CPU
		{C8A4C205-8113-4BB9-8DE2-BBCBEC89D172}.Debug|Any CPU.ActiveCfg = Debug|Any CPU
		{C8A4C205-8113-4BB9-8DE2-BBCBEC89D172}.Debug|Any CPU.Build.0 = Debug|Any CPU
		{C8A4C205-8113-4BB9-8DE2-BBCBEC89D172}.Release|Any CPU.ActiveCfg = Release|Any CPU
		{C8A4C205-8113-4BB9-8DE2-BBCBEC89D172}.Release|Any CPU.Build.0 = Release|Any CPU
	EndGlobalSection
	GlobalSection(SolutionProperties) = preSolution
		HideSolutionNode = FALSE
	EndGlobalSection
	GlobalSection(ExtensibilityGlobals) = postSolution
		SolutionGuid = {ADB9572C-8AA0-4E5F-BAE6-9A5C44671BB0}
	EndGlobalSection
EndGlobal
